
Microsoft Visual Studio Solution File, Format Version 12.00
# Visual Studio Version 16
VisualStudioVersion = 16.0.31702.278
MinimumVisualStudioVersion = 10.0.40219.1
Project("{FAE04EC0-301F-11D3-BF4B-00C04F79EFBC}") = "WpfApp12", "WpfApp12\WpfApp12.csproj", "{3B8DE155-4504-4206-885B-F238573586ED}"
EndProject
Global
	GlobalSection(SolutionConfigurationPlatforms) = preSolution
		Debug|Any CPU = Debug|Any CPU
		Release|Any CPU = Release|Any CPU
	EndGlobalSection
	GlobalSection(ProjectConfigurationPlatforms) = postSolution
		{3B8DE155-4504-4206-885B-F238573586ED}.Debug|Any CPU.ActiveCfg = Debug|Any CPU
		{3B8DE155-4504-4206-885B-F238573586ED}.Debug|Any CPU.Build.0 = Debug|Any CPU
		{3B8DE155-4504-4206-885B-F238573586ED}.Release|Any CPU.ActiveCfg = Release|Any CPU
		{3B8DE155-4504-4206-885B-F238573586ED}.Release|Any CPU.Build.0 = Release|Any CPU
	EndGlobalSection
	GlobalSection(SolutionProperties) = preSolution
		HideSolutionNode = FALSE
	EndGlobalSection
	GlobalSection(ExtensibilityGlobals) = postSolution
		SolutionGuid = {DCF9F785-5ECF-4809-96A6-874907E1D402}
	EndGlobalSection
EndGlobal
